
Microsoft Visual Studio Solution File, Format Version 12.00
# Visual Studio 15
VisualStudioVersion = 15.0.27130.2010
MinimumVisualStudioVersion = 10.0.40219.1
Project("{FAE04EC0-301F-11D3-BF4B-00C04F79EFBC}") = "AirLineSurvey", "AirLineSurvey\AirLineSurvey.csproj", "{600C07CE-8F52-4A02-81AB-41C3950A166B}"
EndProject
Global
	GlobalSection(SolutionConfigurationPlatforms) = preSolution
		Debug|Any CPU = Debug|Any CPU
		Release|Any CPU = Release|Any CPU
	EndGlobalSection
	GlobalSection(ProjectConfigurationPlatforms) = postSolution
		{600C07CE-8F52-4A02-81AB-41C3950A166B}.Debug|Any CPU.ActiveCfg = Debug|Any CPU
		{600C07CE-8F52-4A02-81AB-41C3950A166B}.Debug|Any CPU.Build.0 = Debug|Any CPU
		{600C07CE-8F52-4A02-81AB-41C3950A166B}.Release|Any CPU.ActiveCfg = Release|Any CPU
		{600C07CE-8F52-4A02-81AB-41C3950A166B}.Release|Any CPU.Build.0 = Release|Any CPU
	EndGlobalSection
	GlobalSection(SolutionProperties) = preSolution
		HideSolutionNode = FALSE
	EndGlobalSection
	GlobalSection(ExtensibilityGlobals) = postSolution
		SolutionGuid = {6F81F1E3-ACC6-4396-80E6-28B32A6C4E7F}
	EndGlobalSection
EndGlobal
