
Microsoft Visual Studio Solution File, Format Version 12.00
# Visual Studio 15
VisualStudioVersion = 15.0.27130.2010
MinimumVisualStudioVersion = 10.0.40219.1
Project("{8BC9CEB8-8B4A-11D0-8D11-00A0C91BC942}") = "Discussion_Example", "Discussion_Example\Discussion_Example.vcxproj", "{56A97FE4-1137-4514-B898-CD3F793765AE}"
EndProject
Global
	GlobalSection(SolutionConfigurationPlatforms) = preSolution
		Debug|x64 = Debug|x64
		Debug|x86 = Debug|x86
		Release|x64 = Release|x64
		Release|x86 = Release|x86
	EndGlobalSection
	GlobalSection(ProjectConfigurationPlatforms) = postSolution
		{56A97FE4-1137-4514-B898-CD3F793765AE}.Debug|x64.ActiveCfg = Debug|x64
		{56A97FE4-1137-4514-B898-CD3F793765AE}.Debug|x64.Build.0 = Debug|x64
		{56A97FE4-1137-4514-B898-CD3F793765AE}.Debug|x86.ActiveCfg = Debug|Win32
		{56A97FE4-1137-4514-B898-CD3F793765AE}.Debug|x86.Build.0 = Debug|Win32
		{56A97FE4-1137-4514-B898-CD3F793765AE}.Release|x64.ActiveCfg = Release|x64
		{56A97FE4-1137-4514-B898-CD3F793765AE}.Release|x64.Build.0 = Release|x64
		{56A97FE4-1137-4514-B898-CD3F793765AE}.Release|x86.ActiveCfg = Release|Win32
		{56A97FE4-1137-4514-B898-CD3F793765AE}.Release|x86.Build.0 = Release|Win32
	EndGlobalSection
	GlobalSection(SolutionProperties) = preSolution
		HideSolutionNode = FALSE
	EndGlobalSection
	GlobalSection(ExtensibilityGlobals) = postSolution
		SolutionGuid = {985A1F8E-327D-43BD-B042-BA702D95CA39}
	EndGlobalSection
EndGlobal
