
Microsoft Visual Studio Solution File, Format Version 12.00
# Visual Studio 2012
Project("{FAE04EC0-301F-11D3-BF4B-00C04F79EFBC}") = "Assignment", "Assignment\Assignment.csproj", "{D201EE89-333B-4074-86E1-DFEB7BC85092}"
EndProject
Global
	GlobalSection(SolutionConfigurationPlatforms) = preSolution
		Debug|x86 = Debug|x86
		Release|x86 = Release|x86
	EndGlobalSection
	GlobalSection(ProjectConfigurationPlatforms) = postSolution
		{D201EE89-333B-4074-86E1-DFEB7BC85092}.Debug|x86.ActiveCfg = Debug|x86
		{D201EE89-333B-4074-86E1-DFEB7BC85092}.Debug|x86.Build.0 = Debug|x86
		{D201EE89-333B-4074-86E1-DFEB7BC85092}.Release|x86.ActiveCfg = Release|x86
		{D201EE89-333B-4074-86E1-DFEB7BC85092}.Release|x86.Build.0 = Release|x86
	EndGlobalSection
EndGlobal
