
Microsoft Visual Studio Solution File, Format Version 12.00
# Visual Studio 15
VisualStudioVersion = 15.0.27130.2010
MinimumVisualStudioVersion = 10.0.40219.1
Project("{FAE04EC0-301F-11D3-BF4B-00C04F79EFBC}") = "State_Information", "State_Information\State_Information.csproj", "{AA73C260-964A-46BF-BC7C-F24394E08AD4}"
EndProject
Global
	GlobalSection(SolutionConfigurationPlatforms) = preSolution
		Debug|Any CPU = Debug|Any CPU
		Release|Any CPU = Release|Any CPU
	EndGlobalSection
	GlobalSection(ProjectConfigurationPlatforms) = postSolution
		{AA73C260-964A-46BF-BC7C-F24394E08AD4}.Debug|Any CPU.ActiveCfg = Debug|Any CPU
		{AA73C260-964A-46BF-BC7C-F24394E08AD4}.Debug|Any CPU.Build.0 = Debug|Any CPU
		{AA73C260-964A-46BF-BC7C-F24394E08AD4}.Release|Any CPU.ActiveCfg = Release|Any CPU
		{AA73C260-964A-46BF-BC7C-F24394E08AD4}.Release|Any CPU.Build.0 = Release|Any CPU
	EndGlobalSection
	GlobalSection(SolutionProperties) = preSolution
		HideSolutionNode = FALSE
	EndGlobalSection
	GlobalSection(ExtensibilityGlobals) = postSolution
		SolutionGuid = {9FB1516F-0822-451E-8215-0D5DBED46E07}
	EndGlobalSection
EndGlobal
