
Microsoft Visual Studio Solution File, Format Version 12.00
# Visual Studio 15
VisualStudioVersion = 15.0.27130.2010
MinimumVisualStudioVersion = 10.0.40219.1
Project("{FAE04EC0-301F-11D3-BF4B-00C04F79EFBC}") = "Week2_Tutorial", "Tutorial\Week2_Tutorial.csproj", "{CED7BCA7-DBCA-47D3-9339-EE9060CAA2D0}"
EndProject
Global
	GlobalSection(SolutionConfigurationPlatforms) = preSolution
		Debug|Any CPU = Debug|Any CPU
		Release|Any CPU = Release|Any CPU
	EndGlobalSection
	GlobalSection(ProjectConfigurationPlatforms) = postSolution
		{CED7BCA7-DBCA-47D3-9339-EE9060CAA2D0}.Debug|Any CPU.ActiveCfg = Debug|Any CPU
		{CED7BCA7-DBCA-47D3-9339-EE9060CAA2D0}.Debug|Any CPU.Build.0 = Debug|Any CPU
		{CED7BCA7-DBCA-47D3-9339-EE9060CAA2D0}.Release|Any CPU.ActiveCfg = Release|Any CPU
		{CED7BCA7-DBCA-47D3-9339-EE9060CAA2D0}.Release|Any CPU.Build.0 = Release|Any CPU
	EndGlobalSection
	GlobalSection(SolutionProperties) = preSolution
		HideSolutionNode = FALSE
	EndGlobalSection
	GlobalSection(ExtensibilityGlobals) = postSolution
		SolutionGuid = {29E2FFEC-4DFB-41B9-B88F-3E4B402FCD98}
	EndGlobalSection
EndGlobal
