
Microsoft Visual Studio Solution File, Format Version 12.00
# Visual Studio 15
VisualStudioVersion = 15.0.27130.2010
MinimumVisualStudioVersion = 10.0.40219.1
Project("{FAE04EC0-301F-11D3-BF4B-00C04F79EFBC}") = "CarDealerShip.sql", "CarDealerShip.sql\CarDealerShip.sql.csproj", "{14AA0336-B898-4736-90F9-A6661CE22513}"
EndProject
Global
	GlobalSection(SolutionConfigurationPlatforms) = preSolution
		Debug|Any CPU = Debug|Any CPU
		Release|Any CPU = Release|Any CPU
	EndGlobalSection
	GlobalSection(ProjectConfigurationPlatforms) = postSolution
		{14AA0336-B898-4736-90F9-A6661CE22513}.Debug|Any CPU.ActiveCfg = Debug|Any CPU
		{14AA0336-B898-4736-90F9-A6661CE22513}.Debug|Any CPU.Build.0 = Debug|Any CPU
		{14AA0336-B898-4736-90F9-A6661CE22513}.Release|Any CPU.ActiveCfg = Release|Any CPU
		{14AA0336-B898-4736-90F9-A6661CE22513}.Release|Any CPU.Build.0 = Release|Any CPU
	EndGlobalSection
	GlobalSection(SolutionProperties) = preSolution
		HideSolutionNode = FALSE
	EndGlobalSection
	GlobalSection(ExtensibilityGlobals) = postSolution
		SolutionGuid = {DA4422A2-29A8-4C27-94A9-A482FCBBC1D0}
	EndGlobalSection
EndGlobal
