
Microsoft Visual Studio Solution File, Format Version 12.00
# Visual Studio 15
VisualStudioVersion = 15.0.27130.2010
MinimumVisualStudioVersion = 10.0.40219.1
Project("{FAE04EC0-301F-11D3-BF4B-00C04F79EFBC}") = "ParsingConfigFile", "ParsingConfigFile\ParsingConfigFile.csproj", "{B1C6BFD2-7BAC-4454-A558-BE8B8C1F9A10}"
EndProject
Global
	GlobalSection(SolutionConfigurationPlatforms) = preSolution
		Debug|Any CPU = Debug|Any CPU
		Release|Any CPU = Release|Any CPU
	EndGlobalSection
	GlobalSection(ProjectConfigurationPlatforms) = postSolution
		{B1C6BFD2-7BAC-4454-A558-BE8B8C1F9A10}.Debug|Any CPU.ActiveCfg = Debug|Any CPU
		{B1C6BFD2-7BAC-4454-A558-BE8B8C1F9A10}.Debug|Any CPU.Build.0 = Debug|Any CPU
		{B1C6BFD2-7BAC-4454-A558-BE8B8C1F9A10}.Release|Any CPU.ActiveCfg = Release|Any CPU
		{B1C6BFD2-7BAC-4454-A558-BE8B8C1F9A10}.Release|Any CPU.Build.0 = Release|Any CPU
	EndGlobalSection
	GlobalSection(SolutionProperties) = preSolution
		HideSolutionNode = FALSE
	EndGlobalSection
	GlobalSection(ExtensibilityGlobals) = postSolution
		SolutionGuid = {C1521BC1-58AE-4720-844A-4C0AB4BB6E36}
	EndGlobalSection
EndGlobal
